
Microsoft Visual Studio Solution File, Format Version 12.00
# Visual Studio 15
VisualStudioVersion = 15.0.26228.9
MinimumVisualStudioVersion = 10.0.40219.1
Project("{FAE04EC0-301F-11D3-BF4B-00C04F79EFBC}") = "DataAccessLayer", "DataAccessLayer\DataAccessLayer.csproj", "{A1D77E80-14F0-4BA4-B5EA-6A62805D826C}"
EndProject
Project("{FAE04EC0-301F-11D3-BF4B-00C04F79EFBC}") = "ServiceAccessLayer", "ServiceAccessLayer\ServiceAccessLayer.csproj", "{BEECDBA1-1437-4CBB-BC3D-1FD960E04E72}"
EndProject
Project("{FAE04EC0-301F-11D3-BF4B-00C04F79EFBC}") = "BusinessLogicLayer", "BusinessLogicLayer\BusinessLogicLayer.csproj", "{302CDE6B-F865-4BF8-9572-3B5404BB0CB7}"
EndProject
Project("{FAE04EC0-301F-11D3-BF4B-00C04F79EFBC}") = "Android.App", "Android.App\Android.App.csproj", "{EAC96F62-B1CD-48BD-BE5D-F9A8C72EA259}"
EndProject
Project("{FAE04EC0-301F-11D3-BF4B-00C04F79EFBC}") = "iOS.App", "iOS.App\iOS.App.csproj", "{DDDDA00A-15FB-4F62-A1CB-6EC6642AB317}"
EndProject
Global
	GlobalSection(SolutionConfigurationPlatforms) = preSolution
		Ad-Hoc|Any CPU = Ad-Hoc|Any CPU
		Ad-Hoc|iPhone = Ad-Hoc|iPhone
		Ad-Hoc|iPhoneSimulator = Ad-Hoc|iPhoneSimulator
		AppStore|Any CPU = AppStore|Any CPU
		AppStore|iPhone = AppStore|iPhone
		AppStore|iPhoneSimulator = AppStore|iPhoneSimulator
		Debug|Any CPU = Debug|Any CPU
		Debug|iPhone = Debug|iPhone
		Debug|iPhoneSimulator = Debug|iPhoneSimulator
		Release|Any CPU = Release|Any CPU
		Release|iPhone = Release|iPhone
		Release|iPhoneSimulator = Release|iPhoneSimulator
	EndGlobalSection
	GlobalSection(ProjectConfigurationPlatforms) = postSolution
		{A1D77E80-14F0-4BA4-B5EA-6A62805D826C}.Ad-Hoc|Any CPU.ActiveCfg = Debug|Any CPU
		{A1D77E80-14F0-4BA4-B5EA-6A62805D826C}.Ad-Hoc|Any CPU.Build.0 = Debug|Any CPU
		{A1D77E80-14F0-4BA4-B5EA-6A62805D826C}.Ad-Hoc|iPhone.ActiveCfg = Debug|Any CPU
		{A1D77E80-14F0-4BA4-B5EA-6A62805D826C}.Ad-Hoc|iPhone.Build.0 = Debug|Any CPU
		{A1D77E80-14F0-4BA4-B5EA-6A62805D826C}.Ad-Hoc|iPhoneSimulator.ActiveCfg = Debug|Any CPU
		{A1D77E80-14F0-4BA4-B5EA-6A62805D826C}.Ad-Hoc|iPhoneSimulator.Build.0 = Debug|Any CPU
		{A1D77E80-14F0-4BA4-B5EA-6A62805D826C}.AppStore|Any CPU.ActiveCfg = Debug|Any CPU
		{A1D77E80-14F0-4BA4-B5EA-6A62805D826C}.AppStore|Any CPU.Build.0 = Debug|Any CPU
		{A1D77E80-14F0-4BA4-B5EA-6A62805D826C}.AppStore|iPhone.ActiveCfg = Debug|Any CPU
		{A1D77E80-14F0-4BA4-B5EA-6A62805D826C}.AppStore|iPhone.Build.0 = Debug|Any CPU
		{A1D77E80-14F0-4BA4-B5EA-6A62805D826C}.AppStore|iPhoneSimulator.ActiveCfg = Debug|Any CPU
		{A1D77E80-14F0-4BA4-B5EA-6A62805D826C}.AppStore|iPhoneSimulator.Build.0 = Debug|Any CPU
		{A1D77E80-14F0-4BA4-B5EA-6A62805D826C}.Debug|Any CPU.ActiveCfg = Debug|Any CPU
		{A1D77E80-14F0-4BA4-B5EA-6A62805D826C}.Debug|Any CPU.Build.0 = Debug|Any CPU
		{A1D77E80-14F0-4BA4-B5EA-6A62805D826C}.Debug|iPhone.ActiveCfg = Debug|Any CPU
		{A1D77E80-14F0-4BA4-B5EA-6A62805D826C}.Debug|iPhone.Build.0 = Debug|Any CPU
		{A1D77E80-14F0-4BA4-B5EA-6A62805D826C}.Debug|iPhoneSimulator.ActiveCfg = Debug|Any CPU
		{A1D77E80-14F0-4BA4-B5EA-6A62805D826C}.Debug|iPhoneSimulator.Build.0 = Debug|Any CPU
		{A1D77E80-14F0-4BA4-B5EA-6A62805D826C}.Release|Any CPU.ActiveCfg = Release|Any CPU
		{A1D77E80-14F0-4BA4-B5EA-6A62805D826C}.Release|Any CPU.Build.0 = Release|Any CPU
		{A1D77E80-14F0-4BA4-B5EA-6A62805D826C}.Release|iPhone.ActiveCfg = Release|Any CPU
		{A1D77E80-14F0-4BA4-B5EA-6A62805D826C}.Release|iPhone.Build.0 = Release|Any CPU
		{A1D77E80-14F0-4BA4-B5EA-6A62805D826C}.Release|iPhoneSimulator.ActiveCfg = Release|Any CPU
		{A1D77E80-14F0-4BA4-B5EA-6A62805D826C}.Release|iPhoneSimulator.Build.0 = Release|Any CPU
		{BEECDBA1-1437-4CBB-BC3D-1FD960E04E72}.Ad-Hoc|Any CPU.ActiveCfg = Debug|Any CPU
		{BEECDBA1-1437-4CBB-BC3D-1FD960E04E72}.Ad-Hoc|Any CPU.Build.0 = Debug|Any CPU
		{BEECDBA1-1437-4CBB-BC3D-1FD960E04E72}.Ad-Hoc|iPhone.ActiveCfg = Debug|Any CPU
		{BEECDBA1-1437-4CBB-BC3D-1FD960E04E72}.Ad-Hoc|iPhone.Build.0 = Debug|Any CPU
		{BEECDBA1-1437-4CBB-BC3D-1FD960E04E72}.Ad-Hoc|iPhoneSimulator.ActiveCfg = Debug|Any CPU
		{BEECDBA1-1437-4CBB-BC3D-1FD960E04E72}.Ad-Hoc|iPhoneSimulator.Build.0 = Debug|Any CPU
		{BEECDBA1-1437-4CBB-BC3D-1FD960E04E72}.AppStore|Any CPU.ActiveCfg = Debug|Any CPU
		{BEECDBA1-1437-4CBB-BC3D-1FD960E04E72}.AppStore|Any CPU.Build.0 = Debug|Any CPU
		{BEECDBA1-1437-4CBB-BC3D-1FD960E04E72}.AppStore|iPhone.ActiveCfg = Debug|Any CPU
		{BEECDBA1-1437-4CBB-BC3D-1FD960E04E72}.AppStore|iPhone.Build.0 = Debug|Any CPU
		{BEECDBA1-1437-4CBB-BC3D-1FD960E04E72}.AppStore|iPhoneSimulator.ActiveCfg = Debug|Any CPU
		{BEECDBA1-1437-4CBB-BC3D-1FD960E04E72}.AppStore|iPhoneSimulator.Build.0 = Debug|Any CPU
		{BEECDBA1-1437-4CBB-BC3D-1FD960E04E72}.Debug|Any CPU.ActiveCfg = Debug|Any CPU
		{BEECDBA1-1437-4CBB-BC3D-1FD960E04E72}.Debug|Any CPU.Build.0 = Debug|Any CPU
		{BEECDBA1-1437-4CBB-BC3D-1FD960E04E72}.Debug|iPhone.ActiveCfg = Debug|Any CPU
		{BEECDBA1-1437-4CBB-BC3D-1FD960E04E72}.Debug|iPhone.Build.0 = Debug|Any CPU
		{BEECDBA1-1437-4CBB-BC3D-1FD960E04E72}.Debug|iPhoneSimulator.ActiveCfg = Debug|Any CPU
		{BEECDBA1-1437-4CBB-BC3D-1FD960E04E72}.Debug|iPhoneSimulator.Build.0 = Debug|Any CPU
		{BEECDBA1-1437-4CBB-BC3D-1FD960E04E72}.Release|Any CPU.ActiveCfg = Release|Any CPU
		{BEECDBA1-1437-4CBB-BC3D-1FD960E04E72}.Release|Any CPU.Build.0 = Release|Any CPU
		{BEECDBA1-1437-4CBB-BC3D-1FD960E04E72}.Release|iPhone.ActiveCfg = Release|Any CPU
		{BEECDBA1-1437-4CBB-BC3D-1FD960E04E72}.Release|iPhone.Build.0 = Release|Any CPU
		{BEECDBA1-1437-4CBB-BC3D-1FD960E04E72}.Release|iPhoneSimulator.ActiveCfg = Release|Any CPU
		{BEECDBA1-1437-4CBB-BC3D-1FD960E04E72}.Release|iPhoneSimulator.Build.0 = Release|Any CPU
		{302CDE6B-F865-4BF8-9572-3B5404BB0CB7}.Ad-Hoc|Any CPU.ActiveCfg = Debug|Any CPU
		{302CDE6B-F865-4BF8-9572-3B5404BB0CB7}.Ad-Hoc|Any CPU.Build.0 = Debug|Any CPU
		{302CDE6B-F865-4BF8-9572-3B5404BB0CB7}.Ad-Hoc|iPhone.ActiveCfg = Debug|Any CPU
		{302CDE6B-F865-4BF8-9572-3B5404BB0CB7}.Ad-Hoc|iPhone.Build.0 = Debug|Any CPU
		{302CDE6B-F865-4BF8-9572-3B5404BB0CB7}.Ad-Hoc|iPhoneSimulator.ActiveCfg = Debug|Any CPU
		{302CDE6B-F865-4BF8-9572-3B5404BB0CB7}.Ad-Hoc|iPhoneSimulator.Build.0 = Debug|Any CPU
		{302CDE6B-F865-4BF8-9572-3B5404BB0CB7}.AppStore|Any CPU.ActiveCfg = Debug|Any CPU
		{302CDE6B-F865-4BF8-9572-3B5404BB0CB7}.AppStore|Any CPU.Build.0 = Debug|Any CPU
		{302CDE6B-F865-4BF8-9572-3B5404BB0CB7}.AppStore|iPhone.ActiveCfg = Debug|Any CPU
		{302CDE6B-F865-4BF8-9572-3B5404BB0CB7}.AppStore|iPhone.Build.0 = Debug|Any CPU
		{302CDE6B-F865-4BF8-9572-3B5404BB0CB7}.AppStore|iPhoneSimulator.ActiveCfg = Debug|Any CPU
		{302CDE6B-F865-4BF8-9572-3B5404BB0CB7}.AppStore|iPhoneSimulator.Build.0 = Debug|Any CPU
		{302CDE6B-F865-4BF8-9572-3B5404BB0CB7}.Debug|Any CPU.ActiveCfg = Debug|Any CPU
		{302CDE6B-F865-4BF8-9572-3B5404BB0CB7}.Debug|Any CPU.Build.0 = Debug|Any CPU
		{302CDE6B-F865-4BF8-9572-3B5404BB0CB7}.Debug|iPhone.ActiveCfg = Debug|Any CPU
		{302CDE6B-F865-4BF8-9572-3B5404BB0CB7}.Debug|iPhone.Build.0 = Debug|Any CPU
		{302CDE6B-F865-4BF8-9572-3B5404BB0CB7}.Debug|iPhoneSimulator.ActiveCfg = Debug|Any CPU
		{302CDE6B-F865-4BF8-9572-3B5404BB0CB7}.Debug|iPhoneSimulator.Build.0 = Debug|Any CPU
		{302CDE6B-F865-4BF8-9572-3B5404BB0CB7}.Release|Any CPU.ActiveCfg = Release|Any CPU
		{302CDE6B-F865-4BF8-9572-3B5404BB0CB7}.Release|Any CPU.Build.0 = Release|Any CPU
		{302CDE6B-F865-4BF8-9572-3B5404BB0CB7}.Release|iPhone.ActiveCfg = Release|Any CPU
		{302CDE6B-F865-4BF8-9572-3B5404BB0CB7}.Release|iPhone.Build.0 = Release|Any CPU
		{302CDE6B-F865-4BF8-9572-3B5404BB0CB7}.Release|iPhoneSimulator.ActiveCfg = Release|Any CPU
		{302CDE6B-F865-4BF8-9572-3B5404BB0CB7}.Release|iPhoneSimulator.Build.0 = Release|Any CPU
		{EAC96F62-B1CD-48BD-BE5D-F9A8C72EA259}.Ad-Hoc|Any CPU.ActiveCfg = Release|Any CPU
		{EAC96F62-B1CD-48BD-BE5D-F9A8C72EA259}.Ad-Hoc|Any CPU.Build.0 = Release|Any CPU
		{EAC96F62-B1CD-48BD-BE5D-F9A8C72EA259}.Ad-Hoc|Any CPU.Deploy.0 = Release|Any CPU
		{EAC96F62-B1CD-48BD-BE5D-F9A8C72EA259}.Ad-Hoc|iPhone.ActiveCfg = Release|Any CPU
		{EAC96F62-B1CD-48BD-BE5D-F9A8C72EA259}.Ad-Hoc|iPhone.Build.0 = Release|Any CPU
		{EAC96F62-B1CD-48BD-BE5D-F9A8C72EA259}.Ad-Hoc|iPhone.Deploy.0 = Release|Any CPU
		{EAC96F62-B1CD-48BD-BE5D-F9A8C72EA259}.Ad-Hoc|iPhoneSimulator.ActiveCfg = Release|Any CPU
		{EAC96F62-B1CD-48BD-BE5D-F9A8C72EA259}.Ad-Hoc|iPhoneSimulator.Build.0 = Release|Any CPU
		{EAC96F62-B1CD-48BD-BE5D-F9A8C72EA259}.Ad-Hoc|iPhoneSimulator.Deploy.0 = Release|Any CPU
		{EAC96F62-B1CD-48BD-BE5D-F9A8C72EA259}.AppStore|Any CPU.ActiveCfg = Release|Any CPU
		{EAC96F62-B1CD-48BD-BE5D-F9A8C72EA259}.AppStore|Any CPU.Build.0 = Release|Any CPU
		{EAC96F62-B1CD-48BD-BE5D-F9A8C72EA259}.AppStore|Any CPU.Deploy.0 = Release|Any CPU
		{EAC96F62-B1CD-48BD-BE5D-F9A8C72EA259}.AppStore|iPhone.ActiveCfg = Release|Any CPU
		{EAC96F62-B1CD-48BD-BE5D-F9A8C72EA259}.AppStore|iPhone.Build.0 = Release|Any CPU
		{EAC96F62-B1CD-48BD-BE5D-F9A8C72EA259}.AppStore|iPhone.Deploy.0 = Release|Any CPU
		{EAC96F62-B1CD-48BD-BE5D-F9A8C72EA259}.AppStore|iPhoneSimulator.ActiveCfg = Release|Any CPU
		{EAC96F62-B1CD-48BD-BE5D-F9A8C72EA259}.AppStore|iPhoneSimulator.Build.0 = Release|Any CPU
		{EAC96F62-B1CD-48BD-BE5D-F9A8C72EA259}.AppStore|iPhoneSimulator.Deploy.0 = Release|Any CPU
		{EAC96F62-B1CD-48BD-BE5D-F9A8C72EA259}.Debug|Any CPU.ActiveCfg = Debug|Any CPU
		{EAC96F62-B1CD-48BD-BE5D-F9A8C72EA259}.Debug|Any CPU.Build.0 = Debug|Any CPU
		{EAC96F62-B1CD-48BD-BE5D-F9A8C72EA259}.Debug|Any CPU.Deploy.0 = Debug|Any CPU
		{EAC96F62-B1CD-48BD-BE5D-F9A8C72EA259}.Debug|iPhone.ActiveCfg = Debug|Any CPU
		{EAC96F62-B1CD-48BD-BE5D-F9A8C72EA259}.Debug|iPhone.Build.0 = Debug|Any CPU
		{EAC96F62-B1CD-48BD-BE5D-F9A8C72EA259}.Debug|iPhone.Deploy.0 = Debug|Any CPU
		{EAC96F62-B1CD-48BD-BE5D-F9A8C72EA259}.Debug|iPhoneSimulator.ActiveCfg = Debug|Any CPU
		{EAC96F62-B1CD-48BD-BE5D-F9A8C72EA259}.Debug|iPhoneSimulator.Build.0 = Debug|Any CPU
		{EAC96F62-B1CD-48BD-BE5D-F9A8C72EA259}.Debug|iPhoneSimulator.Deploy.0 = Debug|Any CPU
		{EAC96F62-B1CD-48BD-BE5D-F9A8C72EA259}.Release|Any CPU.ActiveCfg = Release|Any CPU
		{EAC96F62-B1CD-48BD-BE5D-F9A8C72EA259}.Release|Any CPU.Build.0 = Release|Any CPU
		{EAC96F62-B1CD-48BD-BE5D-F9A8C72EA259}.Release|Any CPU.Deploy.0 = Release|Any CPU
		{EAC96F62-B1CD-48BD-BE5D-F9A8C72EA259}.Release|iPhone.ActiveCfg = Release|Any CPU
		{EAC96F62-B1CD-48BD-BE5D-F9A8C72EA259}.Release|iPhone.Build.0 = Release|Any CPU
		{EAC96F62-B1CD-48BD-BE5D-F9A8C72EA259}.Release|iPhone.Deploy.0 = Release|Any CPU
		{EAC96F62-B1CD-48BD-BE5D-F9A8C72EA259}.Release|iPhoneSimulator.ActiveCfg = Release|Any CPU
		{EAC96F62-B1CD-48BD-BE5D-F9A8C72EA259}.Release|iPhoneSimulator.Build.0 = Release|Any CPU
		{EAC96F62-B1CD-48BD-BE5D-F9A8C72EA259}.Release|iPhoneSimulator.Deploy.0 = Release|Any CPU
		{DDDDA00A-15FB-4F62-A1CB-6EC6642AB317}.Ad-Hoc|Any CPU.ActiveCfg = Ad-Hoc|iPhone
		{DDDDA00A-15FB-4F62-A1CB-6EC6642AB317}.Ad-Hoc|iPhone.ActiveCfg = Ad-Hoc|iPhone
		{DDDDA00A-15FB-4F62-A1CB-6EC6642AB317}.Ad-Hoc|iPhone.Build.0 = Ad-Hoc|iPhone
		{DDDDA00A-15FB-4F62-A1CB-6EC6642AB317}.Ad-Hoc|iPhoneSimulator.ActiveCfg = Ad-Hoc|iPhoneSimulator
		{DDDDA00A-15FB-4F62-A1CB-6EC6642AB317}.Ad-Hoc|iPhoneSimulator.Build.0 = Ad-Hoc|iPhoneSimulator
		{DDDDA00A-15FB-4F62-A1CB-6EC6642AB317}.AppStore|Any CPU.ActiveCfg = AppStore|iPhone
		{DDDDA00A-15FB-4F62-A1CB-6EC6642AB317}.AppStore|iPhone.ActiveCfg = AppStore|iPhone
		{DDDDA00A-15FB-4F62-A1CB-6EC6642AB317}.AppStore|iPhone.Build.0 = AppStore|iPhone
		{DDDDA00A-15FB-4F62-A1CB-6EC6642AB317}.AppStore|iPhoneSimulator.ActiveCfg = AppStore|iPhoneSimulator
		{DDDDA00A-15FB-4F62-A1CB-6EC6642AB317}.AppStore|iPhoneSimulator.Build.0 = AppStore|iPhoneSimulator
		{DDDDA00A-15FB-4F62-A1CB-6EC6642AB317}.Debug|Any CPU.ActiveCfg = Debug|iPhone
		{DDDDA00A-15FB-4F62-A1CB-6EC6642AB317}.Debug|iPhone.ActiveCfg = Debug|iPhone
		{DDDDA00A-15FB-4F62-A1CB-6EC6642AB317}.Debug|iPhone.Build.0 = Debug|iPhone
		{DDDDA00A-15FB-4F62-A1CB-6EC6642AB317}.Debug|iPhoneSimulator.ActiveCfg = Debug|iPhoneSimulator
		{DDDDA00A-15FB-4F62-A1CB-6EC6642AB317}.Debug|iPhoneSimulator.Build.0 = Debug|iPhoneSimulator
		{DDDDA00A-15FB-4F62-A1CB-6EC6642AB317}.Release|Any CPU.ActiveCfg = Release|iPhone
		{DDDDA00A-15FB-4F62-A1CB-6EC6642AB317}.Release|iPhone.ActiveCfg = Release|iPhone
		{DDDDA00A-15FB-4F62-A1CB-6EC6642AB317}.Release|iPhone.Build.0 = Release|iPhone
		{DDDDA00A-15FB-4F62-A1CB-6EC6642AB317}.Release|iPhoneSimulator.ActiveCfg = Release|iPhoneSimulator
		{DDDDA00A-15FB-4F62-A1CB-6EC6642AB317}.Release|iPhoneSimulator.Build.0 = Release|iPhoneSimulator
	EndGlobalSection
	GlobalSection(SolutionProperties) = preSolution
		HideSolutionNode = FALSE
	EndGlobalSection
EndGlobal
