
Microsoft Visual Studio Solution File, Format Version 12.00
# Visual Studio 15
VisualStudioVersion = 15.0.26228.9
MinimumVisualStudioVersion = 10.0.40219.1
Project("{FAE04EC0-301F-11D3-BF4B-00C04F79EFBC}") = "DataAccessLayer", "DataAccessLayer\DataAccessLayer.csproj", "{A1D77E80-14F0-4BA4-B5EA-6A62805D826C}"
EndProject
Project("{FAE04EC0-301F-11D3-BF4B-00C04F79EFBC}") = "ServiceAccessLayer", "ServiceAccessLayer\ServiceAccessLayer.csproj", "{BEECDBA1-1437-4CBB-BC3D-1FD960E04E72}"
EndProject
Project("{FAE04EC0-301F-11D3-BF4B-00C04F79EFBC}") = "BusinessLogicLayer", "BusinessLogicLayer\BusinessLogicLayer.csproj", "{302CDE6B-F865-4BF8-9572-3B5404BB0CB7}"
EndProject
Project("{D954291E-2A0B-460D-934E-DC6B0785DB48}") = "SharedProject", "SharedProject\SharedProject.shproj", "{9D0F042F-ABC2-461C-9589-CD39BFBE46A7}"
EndProject
Project("{2150E333-8FDC-42A3-9474-1A3956D46DE8}") = "Presentation", "Presentation", "{CA2C2104-D68A-4313-ADB7-7C2B5AD9F392}"
EndProject
Project("{FAE04EC0-301F-11D3-BF4B-00C04F79EFBC}") = "AndroidApp", "Presentation\AndroidApp\AndroidApp.csproj", "{8D0B9975-B0D9-4B19-9C52-5059F73AB224}"
EndProject
Project("{FAE04EC0-301F-11D3-BF4B-00C04F79EFBC}") = "iOSApp", "Presentation\iOSApp\iOSApp.csproj", "{2DFF95E1-B7C0-417E-81FE-9AF6CA4627EF}"
EndProject
Project("{FAE04EC0-301F-11D3-BF4B-00C04F79EFBC}") = "UWP", "Presentation\UWP\UWP.csproj", "{41167408-F8DB-47BC-A515-1229D7872644}"
EndProject
Project("{FAE04EC0-301F-11D3-BF4B-00C04F79EFBC}") = "PCL", "PCL\PCL.csproj", "{E76C1624-4178-4321-B9C8-AB25783C9D14}"
EndProject
Project("{2150E333-8FDC-42A3-9474-1A3956D46DE8}") = "dlls", "dlls", "{2B4CA9A6-BEEF-4543-8D5C-C6F8862243F6}"
	ProjectSection(SolutionItems) = preProject
		dlls\SALLab11.dll = dlls\SALLab11.dll
		dlls\SALLab14.dll = dlls\SALLab14.dll
		dlls\SALLab05.dll = dlls\SALLab05.dll
	EndProjectSection
EndProject
Global
	GlobalSection(SharedMSBuildProjectFiles) = preSolution
		SharedProject\SharedProject.projitems*{2dff95e1-b7c0-417e-81fe-9af6ca4627ef}*SharedItemsImports = 4
		SharedProject\SharedProject.projitems*{41167408-f8db-47bc-a515-1229d7872644}*SharedItemsImports = 4
		SharedProject\SharedProject.projitems*{8d0b9975-b0d9-4b19-9c52-5059f73ab224}*SharedItemsImports = 4
		SharedProject\SharedProject.projitems*{9d0f042f-abc2-461c-9589-cd39bfbe46a7}*SharedItemsImports = 13
	EndGlobalSection
	GlobalSection(SolutionConfigurationPlatforms) = preSolution
		Ad-Hoc|Any CPU = Ad-Hoc|Any CPU
		Ad-Hoc|ARM = Ad-Hoc|ARM
		Ad-Hoc|iPhone = Ad-Hoc|iPhone
		Ad-Hoc|iPhoneSimulator = Ad-Hoc|iPhoneSimulator
		Ad-Hoc|x64 = Ad-Hoc|x64
		Ad-Hoc|x86 = Ad-Hoc|x86
		AppStore|Any CPU = AppStore|Any CPU
		AppStore|ARM = AppStore|ARM
		AppStore|iPhone = AppStore|iPhone
		AppStore|iPhoneSimulator = AppStore|iPhoneSimulator
		AppStore|x64 = AppStore|x64
		AppStore|x86 = AppStore|x86
		Debug|Any CPU = Debug|Any CPU
		Debug|ARM = Debug|ARM
		Debug|iPhone = Debug|iPhone
		Debug|iPhoneSimulator = Debug|iPhoneSimulator
		Debug|x64 = Debug|x64
		Debug|x86 = Debug|x86
		Release|Any CPU = Release|Any CPU
		Release|ARM = Release|ARM
		Release|iPhone = Release|iPhone
		Release|iPhoneSimulator = Release|iPhoneSimulator
		Release|x64 = Release|x64
		Release|x86 = Release|x86
	EndGlobalSection
	GlobalSection(ProjectConfigurationPlatforms) = postSolution
		{A1D77E80-14F0-4BA4-B5EA-6A62805D826C}.Ad-Hoc|Any CPU.ActiveCfg = Debug|Any CPU
		{A1D77E80-14F0-4BA4-B5EA-6A62805D826C}.Ad-Hoc|Any CPU.Build.0 = Debug|Any CPU
		{A1D77E80-14F0-4BA4-B5EA-6A62805D826C}.Ad-Hoc|ARM.ActiveCfg = Release|Any CPU
		{A1D77E80-14F0-4BA4-B5EA-6A62805D826C}.Ad-Hoc|ARM.Build.0 = Release|Any CPU
		{A1D77E80-14F0-4BA4-B5EA-6A62805D826C}.Ad-Hoc|iPhone.ActiveCfg = Debug|Any CPU
		{A1D77E80-14F0-4BA4-B5EA-6A62805D826C}.Ad-Hoc|iPhone.Build.0 = Debug|Any CPU
		{A1D77E80-14F0-4BA4-B5EA-6A62805D826C}.Ad-Hoc|iPhoneSimulator.ActiveCfg = Debug|Any CPU
		{A1D77E80-14F0-4BA4-B5EA-6A62805D826C}.Ad-Hoc|iPhoneSimulator.Build.0 = Debug|Any CPU
		{A1D77E80-14F0-4BA4-B5EA-6A62805D826C}.Ad-Hoc|x64.ActiveCfg = Release|Any CPU
		{A1D77E80-14F0-4BA4-B5EA-6A62805D826C}.Ad-Hoc|x64.Build.0 = Release|Any CPU
		{A1D77E80-14F0-4BA4-B5EA-6A62805D826C}.Ad-Hoc|x86.ActiveCfg = Release|Any CPU
		{A1D77E80-14F0-4BA4-B5EA-6A62805D826C}.Ad-Hoc|x86.Build.0 = Release|Any CPU
		{A1D77E80-14F0-4BA4-B5EA-6A62805D826C}.AppStore|Any CPU.ActiveCfg = Debug|Any CPU
		{A1D77E80-14F0-4BA4-B5EA-6A62805D826C}.AppStore|Any CPU.Build.0 = Debug|Any CPU
		{A1D77E80-14F0-4BA4-B5EA-6A62805D826C}.AppStore|ARM.ActiveCfg = Release|Any CPU
		{A1D77E80-14F0-4BA4-B5EA-6A62805D826C}.AppStore|ARM.Build.0 = Release|Any CPU
		{A1D77E80-14F0-4BA4-B5EA-6A62805D826C}.AppStore|iPhone.ActiveCfg = Debug|Any CPU
		{A1D77E80-14F0-4BA4-B5EA-6A62805D826C}.AppStore|iPhone.Build.0 = Debug|Any CPU
		{A1D77E80-14F0-4BA4-B5EA-6A62805D826C}.AppStore|iPhoneSimulator.ActiveCfg = Debug|Any CPU
		{A1D77E80-14F0-4BA4-B5EA-6A62805D826C}.AppStore|iPhoneSimulator.Build.0 = Debug|Any CPU
		{A1D77E80-14F0-4BA4-B5EA-6A62805D826C}.AppStore|x64.ActiveCfg = Release|Any CPU
		{A1D77E80-14F0-4BA4-B5EA-6A62805D826C}.AppStore|x64.Build.0 = Release|Any CPU
		{A1D77E80-14F0-4BA4-B5EA-6A62805D826C}.AppStore|x86.ActiveCfg = Release|Any CPU
		{A1D77E80-14F0-4BA4-B5EA-6A62805D826C}.AppStore|x86.Build.0 = Release|Any CPU
		{A1D77E80-14F0-4BA4-B5EA-6A62805D826C}.Debug|Any CPU.ActiveCfg = Debug|Any CPU
		{A1D77E80-14F0-4BA4-B5EA-6A62805D826C}.Debug|Any CPU.Build.0 = Debug|Any CPU
		{A1D77E80-14F0-4BA4-B5EA-6A62805D826C}.Debug|ARM.ActiveCfg = Debug|Any CPU
		{A1D77E80-14F0-4BA4-B5EA-6A62805D826C}.Debug|ARM.Build.0 = Debug|Any CPU
		{A1D77E80-14F0-4BA4-B5EA-6A62805D826C}.Debug|iPhone.ActiveCfg = Debug|Any CPU
		{A1D77E80-14F0-4BA4-B5EA-6A62805D826C}.Debug|iPhone.Build.0 = Debug|Any CPU
		{A1D77E80-14F0-4BA4-B5EA-6A62805D826C}.Debug|iPhoneSimulator.ActiveCfg = Debug|Any CPU
		{A1D77E80-14F0-4BA4-B5EA-6A62805D826C}.Debug|iPhoneSimulator.Build.0 = Debug|Any CPU
		{A1D77E80-14F0-4BA4-B5EA-6A62805D826C}.Debug|x64.ActiveCfg = Debug|Any CPU
		{A1D77E80-14F0-4BA4-B5EA-6A62805D826C}.Debug|x64.Build.0 = Debug|Any CPU
		{A1D77E80-14F0-4BA4-B5EA-6A62805D826C}.Debug|x86.ActiveCfg = Debug|Any CPU
		{A1D77E80-14F0-4BA4-B5EA-6A62805D826C}.Debug|x86.Build.0 = Debug|Any CPU
		{A1D77E80-14F0-4BA4-B5EA-6A62805D826C}.Release|Any CPU.ActiveCfg = Release|Any CPU
		{A1D77E80-14F0-4BA4-B5EA-6A62805D826C}.Release|Any CPU.Build.0 = Release|Any CPU
		{A1D77E80-14F0-4BA4-B5EA-6A62805D826C}.Release|ARM.ActiveCfg = Release|Any CPU
		{A1D77E80-14F0-4BA4-B5EA-6A62805D826C}.Release|ARM.Build.0 = Release|Any CPU
		{A1D77E80-14F0-4BA4-B5EA-6A62805D826C}.Release|iPhone.ActiveCfg = Release|Any CPU
		{A1D77E80-14F0-4BA4-B5EA-6A62805D826C}.Release|iPhone.Build.0 = Release|Any CPU
		{A1D77E80-14F0-4BA4-B5EA-6A62805D826C}.Release|iPhoneSimulator.ActiveCfg = Release|Any CPU
		{A1D77E80-14F0-4BA4-B5EA-6A62805D826C}.Release|iPhoneSimulator.Build.0 = Release|Any CPU
		{A1D77E80-14F0-4BA4-B5EA-6A62805D826C}.Release|x64.ActiveCfg = Release|Any CPU
		{A1D77E80-14F0-4BA4-B5EA-6A62805D826C}.Release|x64.Build.0 = Release|Any CPU
		{A1D77E80-14F0-4BA4-B5EA-6A62805D826C}.Release|x86.ActiveCfg = Release|Any CPU
		{A1D77E80-14F0-4BA4-B5EA-6A62805D826C}.Release|x86.Build.0 = Release|Any CPU
		{BEECDBA1-1437-4CBB-BC3D-1FD960E04E72}.Ad-Hoc|Any CPU.ActiveCfg = Debug|Any CPU
		{BEECDBA1-1437-4CBB-BC3D-1FD960E04E72}.Ad-Hoc|Any CPU.Build.0 = Debug|Any CPU
		{BEECDBA1-1437-4CBB-BC3D-1FD960E04E72}.Ad-Hoc|ARM.ActiveCfg = Release|Any CPU
		{BEECDBA1-1437-4CBB-BC3D-1FD960E04E72}.Ad-Hoc|ARM.Build.0 = Release|Any CPU
		{BEECDBA1-1437-4CBB-BC3D-1FD960E04E72}.Ad-Hoc|iPhone.ActiveCfg = Debug|Any CPU
		{BEECDBA1-1437-4CBB-BC3D-1FD960E04E72}.Ad-Hoc|iPhone.Build.0 = Debug|Any CPU
		{BEECDBA1-1437-4CBB-BC3D-1FD960E04E72}.Ad-Hoc|iPhoneSimulator.ActiveCfg = Debug|Any CPU
		{BEECDBA1-1437-4CBB-BC3D-1FD960E04E72}.Ad-Hoc|iPhoneSimulator.Build.0 = Debug|Any CPU
		{BEECDBA1-1437-4CBB-BC3D-1FD960E04E72}.Ad-Hoc|x64.ActiveCfg = Release|Any CPU
		{BEECDBA1-1437-4CBB-BC3D-1FD960E04E72}.Ad-Hoc|x64.Build.0 = Release|Any CPU
		{BEECDBA1-1437-4CBB-BC3D-1FD960E04E72}.Ad-Hoc|x86.ActiveCfg = Release|Any CPU
		{BEECDBA1-1437-4CBB-BC3D-1FD960E04E72}.Ad-Hoc|x86.Build.0 = Release|Any CPU
		{BEECDBA1-1437-4CBB-BC3D-1FD960E04E72}.AppStore|Any CPU.ActiveCfg = Debug|Any CPU
		{BEECDBA1-1437-4CBB-BC3D-1FD960E04E72}.AppStore|Any CPU.Build.0 = Debug|Any CPU
		{BEECDBA1-1437-4CBB-BC3D-1FD960E04E72}.AppStore|ARM.ActiveCfg = Release|Any CPU
		{BEECDBA1-1437-4CBB-BC3D-1FD960E04E72}.AppStore|ARM.Build.0 = Release|Any CPU
		{BEECDBA1-1437-4CBB-BC3D-1FD960E04E72}.AppStore|iPhone.ActiveCfg = Debug|Any CPU
		{BEECDBA1-1437-4CBB-BC3D-1FD960E04E72}.AppStore|iPhone.Build.0 = Debug|Any CPU
		{BEECDBA1-1437-4CBB-BC3D-1FD960E04E72}.AppStore|iPhoneSimulator.ActiveCfg = Debug|Any CPU
		{BEECDBA1-1437-4CBB-BC3D-1FD960E04E72}.AppStore|iPhoneSimulator.Build.0 = Debug|Any CPU
		{BEECDBA1-1437-4CBB-BC3D-1FD960E04E72}.AppStore|x64.ActiveCfg = Release|Any CPU
		{BEECDBA1-1437-4CBB-BC3D-1FD960E04E72}.AppStore|x64.Build.0 = Release|Any CPU
		{BEECDBA1-1437-4CBB-BC3D-1FD960E04E72}.AppStore|x86.ActiveCfg = Release|Any CPU
		{BEECDBA1-1437-4CBB-BC3D-1FD960E04E72}.AppStore|x86.Build.0 = Release|Any CPU
		{BEECDBA1-1437-4CBB-BC3D-1FD960E04E72}.Debug|Any CPU.ActiveCfg = Debug|Any CPU
		{BEECDBA1-1437-4CBB-BC3D-1FD960E04E72}.Debug|Any CPU.Build.0 = Debug|Any CPU
		{BEECDBA1-1437-4CBB-BC3D-1FD960E04E72}.Debug|ARM.ActiveCfg = Debug|Any CPU
		{BEECDBA1-1437-4CBB-BC3D-1FD960E04E72}.Debug|ARM.Build.0 = Debug|Any CPU
		{BEECDBA1-1437-4CBB-BC3D-1FD960E04E72}.Debug|iPhone.ActiveCfg = Debug|Any CPU
		{BEECDBA1-1437-4CBB-BC3D-1FD960E04E72}.Debug|iPhone.Build.0 = Debug|Any CPU
		{BEECDBA1-1437-4CBB-BC3D-1FD960E04E72}.Debug|iPhoneSimulator.ActiveCfg = Debug|Any CPU
		{BEECDBA1-1437-4CBB-BC3D-1FD960E04E72}.Debug|iPhoneSimulator.Build.0 = Debug|Any CPU
		{BEECDBA1-1437-4CBB-BC3D-1FD960E04E72}.Debug|x64.ActiveCfg = Debug|Any CPU
		{BEECDBA1-1437-4CBB-BC3D-1FD960E04E72}.Debug|x64.Build.0 = Debug|Any CPU
		{BEECDBA1-1437-4CBB-BC3D-1FD960E04E72}.Debug|x86.ActiveCfg = Debug|Any CPU
		{BEECDBA1-1437-4CBB-BC3D-1FD960E04E72}.Debug|x86.Build.0 = Debug|Any CPU
		{BEECDBA1-1437-4CBB-BC3D-1FD960E04E72}.Release|Any CPU.ActiveCfg = Release|Any CPU
		{BEECDBA1-1437-4CBB-BC3D-1FD960E04E72}.Release|Any CPU.Build.0 = Release|Any CPU
		{BEECDBA1-1437-4CBB-BC3D-1FD960E04E72}.Release|ARM.ActiveCfg = Release|Any CPU
		{BEECDBA1-1437-4CBB-BC3D-1FD960E04E72}.Release|ARM.Build.0 = Release|Any CPU
		{BEECDBA1-1437-4CBB-BC3D-1FD960E04E72}.Release|iPhone.ActiveCfg = Release|Any CPU
		{BEECDBA1-1437-4CBB-BC3D-1FD960E04E72}.Release|iPhone.Build.0 = Release|Any CPU
		{BEECDBA1-1437-4CBB-BC3D-1FD960E04E72}.Release|iPhoneSimulator.ActiveCfg = Release|Any CPU
		{BEECDBA1-1437-4CBB-BC3D-1FD960E04E72}.Release|iPhoneSimulator.Build.0 = Release|Any CPU
		{BEECDBA1-1437-4CBB-BC3D-1FD960E04E72}.Release|x64.ActiveCfg = Release|Any CPU
		{BEECDBA1-1437-4CBB-BC3D-1FD960E04E72}.Release|x64.Build.0 = Release|Any CPU
		{BEECDBA1-1437-4CBB-BC3D-1FD960E04E72}.Release|x86.ActiveCfg = Release|Any CPU
		{BEECDBA1-1437-4CBB-BC3D-1FD960E04E72}.Release|x86.Build.0 = Release|Any CPU
		{302CDE6B-F865-4BF8-9572-3B5404BB0CB7}.Ad-Hoc|Any CPU.ActiveCfg = Debug|Any CPU
		{302CDE6B-F865-4BF8-9572-3B5404BB0CB7}.Ad-Hoc|Any CPU.Build.0 = Debug|Any CPU
		{302CDE6B-F865-4BF8-9572-3B5404BB0CB7}.Ad-Hoc|ARM.ActiveCfg = Release|Any CPU
		{302CDE6B-F865-4BF8-9572-3B5404BB0CB7}.Ad-Hoc|ARM.Build.0 = Release|Any CPU
		{302CDE6B-F865-4BF8-9572-3B5404BB0CB7}.Ad-Hoc|iPhone.ActiveCfg = Debug|Any CPU
		{302CDE6B-F865-4BF8-9572-3B5404BB0CB7}.Ad-Hoc|iPhone.Build.0 = Debug|Any CPU
		{302CDE6B-F865-4BF8-9572-3B5404BB0CB7}.Ad-Hoc|iPhoneSimulator.ActiveCfg = Debug|Any CPU
		{302CDE6B-F865-4BF8-9572-3B5404BB0CB7}.Ad-Hoc|iPhoneSimulator.Build.0 = Debug|Any CPU
		{302CDE6B-F865-4BF8-9572-3B5404BB0CB7}.Ad-Hoc|x64.ActiveCfg = Release|Any CPU
		{302CDE6B-F865-4BF8-9572-3B5404BB0CB7}.Ad-Hoc|x64.Build.0 = Release|Any CPU
		{302CDE6B-F865-4BF8-9572-3B5404BB0CB7}.Ad-Hoc|x86.ActiveCfg = Release|Any CPU
		{302CDE6B-F865-4BF8-9572-3B5404BB0CB7}.Ad-Hoc|x86.Build.0 = Release|Any CPU
		{302CDE6B-F865-4BF8-9572-3B5404BB0CB7}.AppStore|Any CPU.ActiveCfg = Debug|Any CPU
		{302CDE6B-F865-4BF8-9572-3B5404BB0CB7}.AppStore|Any CPU.Build.0 = Debug|Any CPU
		{302CDE6B-F865-4BF8-9572-3B5404BB0CB7}.AppStore|ARM.ActiveCfg = Release|Any CPU
		{302CDE6B-F865-4BF8-9572-3B5404BB0CB7}.AppStore|ARM.Build.0 = Release|Any CPU
		{302CDE6B-F865-4BF8-9572-3B5404BB0CB7}.AppStore|iPhone.ActiveCfg = Debug|Any CPU
		{302CDE6B-F865-4BF8-9572-3B5404BB0CB7}.AppStore|iPhone.Build.0 = Debug|Any CPU
		{302CDE6B-F865-4BF8-9572-3B5404BB0CB7}.AppStore|iPhoneSimulator.ActiveCfg = Debug|Any CPU
		{302CDE6B-F865-4BF8-9572-3B5404BB0CB7}.AppStore|iPhoneSimulator.Build.0 = Debug|Any CPU
		{302CDE6B-F865-4BF8-9572-3B5404BB0CB7}.AppStore|x64.ActiveCfg = Release|Any CPU
		{302CDE6B-F865-4BF8-9572-3B5404BB0CB7}.AppStore|x64.Build.0 = Release|Any CPU
		{302CDE6B-F865-4BF8-9572-3B5404BB0CB7}.AppStore|x86.ActiveCfg = Release|Any CPU
		{302CDE6B-F865-4BF8-9572-3B5404BB0CB7}.AppStore|x86.Build.0 = Release|Any CPU
		{302CDE6B-F865-4BF8-9572-3B5404BB0CB7}.Debug|Any CPU.ActiveCfg = Debug|Any CPU
		{302CDE6B-F865-4BF8-9572-3B5404BB0CB7}.Debug|Any CPU.Build.0 = Debug|Any CPU
		{302CDE6B-F865-4BF8-9572-3B5404BB0CB7}.Debug|ARM.ActiveCfg = Debug|Any CPU
		{302CDE6B-F865-4BF8-9572-3B5404BB0CB7}.Debug|ARM.Build.0 = Debug|Any CPU
		{302CDE6B-F865-4BF8-9572-3B5404BB0CB7}.Debug|iPhone.ActiveCfg = Debug|Any CPU
		{302CDE6B-F865-4BF8-9572-3B5404BB0CB7}.Debug|iPhone.Build.0 = Debug|Any CPU
		{302CDE6B-F865-4BF8-9572-3B5404BB0CB7}.Debug|iPhoneSimulator.ActiveCfg = Debug|Any CPU
		{302CDE6B-F865-4BF8-9572-3B5404BB0CB7}.Debug|iPhoneSimulator.Build.0 = Debug|Any CPU
		{302CDE6B-F865-4BF8-9572-3B5404BB0CB7}.Debug|x64.ActiveCfg = Debug|Any CPU
		{302CDE6B-F865-4BF8-9572-3B5404BB0CB7}.Debug|x64.Build.0 = Debug|Any CPU
		{302CDE6B-F865-4BF8-9572-3B5404BB0CB7}.Debug|x86.ActiveCfg = Debug|Any CPU
		{302CDE6B-F865-4BF8-9572-3B5404BB0CB7}.Debug|x86.Build.0 = Debug|Any CPU
		{302CDE6B-F865-4BF8-9572-3B5404BB0CB7}.Release|Any CPU.ActiveCfg = Release|Any CPU
		{302CDE6B-F865-4BF8-9572-3B5404BB0CB7}.Release|Any CPU.Build.0 = Release|Any CPU
		{302CDE6B-F865-4BF8-9572-3B5404BB0CB7}.Release|ARM.ActiveCfg = Release|Any CPU
		{302CDE6B-F865-4BF8-9572-3B5404BB0CB7}.Release|ARM.Build.0 = Release|Any CPU
		{302CDE6B-F865-4BF8-9572-3B5404BB0CB7}.Release|iPhone.ActiveCfg = Release|Any CPU
		{302CDE6B-F865-4BF8-9572-3B5404BB0CB7}.Release|iPhone.Build.0 = Release|Any CPU
		{302CDE6B-F865-4BF8-9572-3B5404BB0CB7}.Release|iPhoneSimulator.ActiveCfg = Release|Any CPU
		{302CDE6B-F865-4BF8-9572-3B5404BB0CB7}.Release|iPhoneSimulator.Build.0 = Release|Any CPU
		{302CDE6B-F865-4BF8-9572-3B5404BB0CB7}.Release|x64.ActiveCfg = Release|Any CPU
		{302CDE6B-F865-4BF8-9572-3B5404BB0CB7}.Release|x64.Build.0 = Release|Any CPU
		{302CDE6B-F865-4BF8-9572-3B5404BB0CB7}.Release|x86.ActiveCfg = Release|Any CPU
		{302CDE6B-F865-4BF8-9572-3B5404BB0CB7}.Release|x86.Build.0 = Release|Any CPU
		{8D0B9975-B0D9-4B19-9C52-5059F73AB224}.Ad-Hoc|Any CPU.ActiveCfg = Release|Any CPU
		{8D0B9975-B0D9-4B19-9C52-5059F73AB224}.Ad-Hoc|Any CPU.Build.0 = Release|Any CPU
		{8D0B9975-B0D9-4B19-9C52-5059F73AB224}.Ad-Hoc|Any CPU.Deploy.0 = Release|Any CPU
		{8D0B9975-B0D9-4B19-9C52-5059F73AB224}.Ad-Hoc|ARM.ActiveCfg = Release|Any CPU
		{8D0B9975-B0D9-4B19-9C52-5059F73AB224}.Ad-Hoc|ARM.Build.0 = Release|Any CPU
		{8D0B9975-B0D9-4B19-9C52-5059F73AB224}.Ad-Hoc|ARM.Deploy.0 = Release|Any CPU
		{8D0B9975-B0D9-4B19-9C52-5059F73AB224}.Ad-Hoc|iPhone.ActiveCfg = Release|Any CPU
		{8D0B9975-B0D9-4B19-9C52-5059F73AB224}.Ad-Hoc|iPhone.Build.0 = Release|Any CPU
		{8D0B9975-B0D9-4B19-9C52-5059F73AB224}.Ad-Hoc|iPhone.Deploy.0 = Release|Any CPU
		{8D0B9975-B0D9-4B19-9C52-5059F73AB224}.Ad-Hoc|iPhoneSimulator.ActiveCfg = Release|Any CPU
		{8D0B9975-B0D9-4B19-9C52-5059F73AB224}.Ad-Hoc|iPhoneSimulator.Build.0 = Release|Any CPU
		{8D0B9975-B0D9-4B19-9C52-5059F73AB224}.Ad-Hoc|iPhoneSimulator.Deploy.0 = Release|Any CPU
		{8D0B9975-B0D9-4B19-9C52-5059F73AB224}.Ad-Hoc|x64.ActiveCfg = Release|Any CPU
		{8D0B9975-B0D9-4B19-9C52-5059F73AB224}.Ad-Hoc|x64.Build.0 = Release|Any CPU
		{8D0B9975-B0D9-4B19-9C52-5059F73AB224}.Ad-Hoc|x64.Deploy.0 = Release|Any CPU
		{8D0B9975-B0D9-4B19-9C52-5059F73AB224}.Ad-Hoc|x86.ActiveCfg = Release|Any CPU
		{8D0B9975-B0D9-4B19-9C52-5059F73AB224}.Ad-Hoc|x86.Build.0 = Release|Any CPU
		{8D0B9975-B0D9-4B19-9C52-5059F73AB224}.Ad-Hoc|x86.Deploy.0 = Release|Any CPU
		{8D0B9975-B0D9-4B19-9C52-5059F73AB224}.AppStore|Any CPU.ActiveCfg = Release|Any CPU
		{8D0B9975-B0D9-4B19-9C52-5059F73AB224}.AppStore|Any CPU.Build.0 = Release|Any CPU
		{8D0B9975-B0D9-4B19-9C52-5059F73AB224}.AppStore|Any CPU.Deploy.0 = Release|Any CPU
		{8D0B9975-B0D9-4B19-9C52-5059F73AB224}.AppStore|ARM.ActiveCfg = Release|Any CPU
		{8D0B9975-B0D9-4B19-9C52-5059F73AB224}.AppStore|ARM.Build.0 = Release|Any CPU
		{8D0B9975-B0D9-4B19-9C52-5059F73AB224}.AppStore|ARM.Deploy.0 = Release|Any CPU
		{8D0B9975-B0D9-4B19-9C52-5059F73AB224}.AppStore|iPhone.ActiveCfg = Release|Any CPU
		{8D0B9975-B0D9-4B19-9C52-5059F73AB224}.AppStore|iPhone.Build.0 = Release|Any CPU
		{8D0B9975-B0D9-4B19-9C52-5059F73AB224}.AppStore|iPhone.Deploy.0 = Release|Any CPU
		{8D0B9975-B0D9-4B19-9C52-5059F73AB224}.AppStore|iPhoneSimulator.ActiveCfg = Release|Any CPU
		{8D0B9975-B0D9-4B19-9C52-5059F73AB224}.AppStore|iPhoneSimulator.Build.0 = Release|Any CPU
		{8D0B9975-B0D9-4B19-9C52-5059F73AB224}.AppStore|iPhoneSimulator.Deploy.0 = Release|Any CPU
		{8D0B9975-B0D9-4B19-9C52-5059F73AB224}.AppStore|x64.ActiveCfg = Release|Any CPU
		{8D0B9975-B0D9-4B19-9C52-5059F73AB224}.AppStore|x64.Build.0 = Release|Any CPU
		{8D0B9975-B0D9-4B19-9C52-5059F73AB224}.AppStore|x64.Deploy.0 = Release|Any CPU
		{8D0B9975-B0D9-4B19-9C52-5059F73AB224}.AppStore|x86.ActiveCfg = Release|Any CPU
		{8D0B9975-B0D9-4B19-9C52-5059F73AB224}.AppStore|x86.Build.0 = Release|Any CPU
		{8D0B9975-B0D9-4B19-9C52-5059F73AB224}.AppStore|x86.Deploy.0 = Release|Any CPU
		{8D0B9975-B0D9-4B19-9C52-5059F73AB224}.Debug|Any CPU.ActiveCfg = Debug|Any CPU
		{8D0B9975-B0D9-4B19-9C52-5059F73AB224}.Debug|Any CPU.Build.0 = Debug|Any CPU
		{8D0B9975-B0D9-4B19-9C52-5059F73AB224}.Debug|Any CPU.Deploy.0 = Debug|Any CPU
		{8D0B9975-B0D9-4B19-9C52-5059F73AB224}.Debug|ARM.ActiveCfg = Debug|Any CPU
		{8D0B9975-B0D9-4B19-9C52-5059F73AB224}.Debug|ARM.Build.0 = Debug|Any CPU
		{8D0B9975-B0D9-4B19-9C52-5059F73AB224}.Debug|ARM.Deploy.0 = Debug|Any CPU
		{8D0B9975-B0D9-4B19-9C52-5059F73AB224}.Debug|iPhone.ActiveCfg = Debug|Any CPU
		{8D0B9975-B0D9-4B19-9C52-5059F73AB224}.Debug|iPhone.Build.0 = Debug|Any CPU
		{8D0B9975-B0D9-4B19-9C52-5059F73AB224}.Debug|iPhone.Deploy.0 = Debug|Any CPU
		{8D0B9975-B0D9-4B19-9C52-5059F73AB224}.Debug|iPhoneSimulator.ActiveCfg = Debug|Any CPU
		{8D0B9975-B0D9-4B19-9C52-5059F73AB224}.Debug|iPhoneSimulator.Build.0 = Debug|Any CPU
		{8D0B9975-B0D9-4B19-9C52-5059F73AB224}.Debug|iPhoneSimulator.Deploy.0 = Debug|Any CPU
		{8D0B9975-B0D9-4B19-9C52-5059F73AB224}.Debug|x64.ActiveCfg = Debug|Any CPU
		{8D0B9975-B0D9-4B19-9C52-5059F73AB224}.Debug|x64.Build.0 = Debug|Any CPU
		{8D0B9975-B0D9-4B19-9C52-5059F73AB224}.Debug|x64.Deploy.0 = Debug|Any CPU
		{8D0B9975-B0D9-4B19-9C52-5059F73AB224}.Debug|x86.ActiveCfg = Debug|Any CPU
		{8D0B9975-B0D9-4B19-9C52-5059F73AB224}.Debug|x86.Build.0 = Debug|Any CPU
		{8D0B9975-B0D9-4B19-9C52-5059F73AB224}.Debug|x86.Deploy.0 = Debug|Any CPU
		{8D0B9975-B0D9-4B19-9C52-5059F73AB224}.Release|Any CPU.ActiveCfg = Release|Any CPU
		{8D0B9975-B0D9-4B19-9C52-5059F73AB224}.Release|Any CPU.Build.0 = Release|Any CPU
		{8D0B9975-B0D9-4B19-9C52-5059F73AB224}.Release|Any CPU.Deploy.0 = Release|Any CPU
		{8D0B9975-B0D9-4B19-9C52-5059F73AB224}.Release|ARM.ActiveCfg = Release|Any CPU
		{8D0B9975-B0D9-4B19-9C52-5059F73AB224}.Release|ARM.Build.0 = Release|Any CPU
		{8D0B9975-B0D9-4B19-9C52-5059F73AB224}.Release|ARM.Deploy.0 = Release|Any CPU
		{8D0B9975-B0D9-4B19-9C52-5059F73AB224}.Release|iPhone.ActiveCfg = Release|Any CPU
		{8D0B9975-B0D9-4B19-9C52-5059F73AB224}.Release|iPhone.Build.0 = Release|Any CPU
		{8D0B9975-B0D9-4B19-9C52-5059F73AB224}.Release|iPhone.Deploy.0 = Release|Any CPU
		{8D0B9975-B0D9-4B19-9C52-5059F73AB224}.Release|iPhoneSimulator.ActiveCfg = Release|Any CPU
		{8D0B9975-B0D9-4B19-9C52-5059F73AB224}.Release|iPhoneSimulator.Build.0 = Release|Any CPU
		{8D0B9975-B0D9-4B19-9C52-5059F73AB224}.Release|iPhoneSimulator.Deploy.0 = Release|Any CPU
		{8D0B9975-B0D9-4B19-9C52-5059F73AB224}.Release|x64.ActiveCfg = Release|Any CPU
		{8D0B9975-B0D9-4B19-9C52-5059F73AB224}.Release|x64.Build.0 = Release|Any CPU
		{8D0B9975-B0D9-4B19-9C52-5059F73AB224}.Release|x64.Deploy.0 = Release|Any CPU
		{8D0B9975-B0D9-4B19-9C52-5059F73AB224}.Release|x86.ActiveCfg = Release|Any CPU
		{8D0B9975-B0D9-4B19-9C52-5059F73AB224}.Release|x86.Build.0 = Release|Any CPU
		{8D0B9975-B0D9-4B19-9C52-5059F73AB224}.Release|x86.Deploy.0 = Release|Any CPU
		{2DFF95E1-B7C0-417E-81FE-9AF6CA4627EF}.Ad-Hoc|Any CPU.ActiveCfg = Ad-Hoc|iPhone
		{2DFF95E1-B7C0-417E-81FE-9AF6CA4627EF}.Ad-Hoc|ARM.ActiveCfg = Ad-Hoc|iPhone
		{2DFF95E1-B7C0-417E-81FE-9AF6CA4627EF}.Ad-Hoc|iPhone.ActiveCfg = Ad-Hoc|iPhone
		{2DFF95E1-B7C0-417E-81FE-9AF6CA4627EF}.Ad-Hoc|iPhone.Build.0 = Ad-Hoc|iPhone
		{2DFF95E1-B7C0-417E-81FE-9AF6CA4627EF}.Ad-Hoc|iPhoneSimulator.ActiveCfg = Ad-Hoc|iPhoneSimulator
		{2DFF95E1-B7C0-417E-81FE-9AF6CA4627EF}.Ad-Hoc|iPhoneSimulator.Build.0 = Ad-Hoc|iPhoneSimulator
		{2DFF95E1-B7C0-417E-81FE-9AF6CA4627EF}.Ad-Hoc|x64.ActiveCfg = Ad-Hoc|iPhone
		{2DFF95E1-B7C0-417E-81FE-9AF6CA4627EF}.Ad-Hoc|x86.ActiveCfg = Ad-Hoc|iPhone
		{2DFF95E1-B7C0-417E-81FE-9AF6CA4627EF}.AppStore|Any CPU.ActiveCfg = AppStore|iPhone
		{2DFF95E1-B7C0-417E-81FE-9AF6CA4627EF}.AppStore|ARM.ActiveCfg = AppStore|iPhone
		{2DFF95E1-B7C0-417E-81FE-9AF6CA4627EF}.AppStore|iPhone.ActiveCfg = AppStore|iPhone
		{2DFF95E1-B7C0-417E-81FE-9AF6CA4627EF}.AppStore|iPhone.Build.0 = AppStore|iPhone
		{2DFF95E1-B7C0-417E-81FE-9AF6CA4627EF}.AppStore|iPhoneSimulator.ActiveCfg = AppStore|iPhoneSimulator
		{2DFF95E1-B7C0-417E-81FE-9AF6CA4627EF}.AppStore|iPhoneSimulator.Build.0 = AppStore|iPhoneSimulator
		{2DFF95E1-B7C0-417E-81FE-9AF6CA4627EF}.AppStore|x64.ActiveCfg = AppStore|iPhone
		{2DFF95E1-B7C0-417E-81FE-9AF6CA4627EF}.AppStore|x86.ActiveCfg = AppStore|iPhone
		{2DFF95E1-B7C0-417E-81FE-9AF6CA4627EF}.Debug|Any CPU.ActiveCfg = Debug|iPhone
		{2DFF95E1-B7C0-417E-81FE-9AF6CA4627EF}.Debug|ARM.ActiveCfg = Debug|iPhone
		{2DFF95E1-B7C0-417E-81FE-9AF6CA4627EF}.Debug|iPhone.ActiveCfg = Debug|iPhone
		{2DFF95E1-B7C0-417E-81FE-9AF6CA4627EF}.Debug|iPhone.Build.0 = Debug|iPhone
		{2DFF95E1-B7C0-417E-81FE-9AF6CA4627EF}.Debug|iPhoneSimulator.ActiveCfg = Debug|iPhoneSimulator
		{2DFF95E1-B7C0-417E-81FE-9AF6CA4627EF}.Debug|iPhoneSimulator.Build.0 = Debug|iPhoneSimulator
		{2DFF95E1-B7C0-417E-81FE-9AF6CA4627EF}.Debug|x64.ActiveCfg = Debug|iPhone
		{2DFF95E1-B7C0-417E-81FE-9AF6CA4627EF}.Debug|x86.ActiveCfg = Debug|iPhone
		{2DFF95E1-B7C0-417E-81FE-9AF6CA4627EF}.Release|Any CPU.ActiveCfg = Release|iPhone
		{2DFF95E1-B7C0-417E-81FE-9AF6CA4627EF}.Release|ARM.ActiveCfg = Release|iPhone
		{2DFF95E1-B7C0-417E-81FE-9AF6CA4627EF}.Release|iPhone.ActiveCfg = Release|iPhone
		{2DFF95E1-B7C0-417E-81FE-9AF6CA4627EF}.Release|iPhone.Build.0 = Release|iPhone
		{2DFF95E1-B7C0-417E-81FE-9AF6CA4627EF}.Release|iPhoneSimulator.ActiveCfg = Release|iPhoneSimulator
		{2DFF95E1-B7C0-417E-81FE-9AF6CA4627EF}.Release|iPhoneSimulator.Build.0 = Release|iPhoneSimulator
		{2DFF95E1-B7C0-417E-81FE-9AF6CA4627EF}.Release|x64.ActiveCfg = Release|iPhone
		{2DFF95E1-B7C0-417E-81FE-9AF6CA4627EF}.Release|x86.ActiveCfg = Release|iPhone
		{41167408-F8DB-47BC-A515-1229D7872644}.Ad-Hoc|Any CPU.ActiveCfg = Release|x64
		{41167408-F8DB-47BC-A515-1229D7872644}.Ad-Hoc|Any CPU.Build.0 = Release|x64
		{41167408-F8DB-47BC-A515-1229D7872644}.Ad-Hoc|Any CPU.Deploy.0 = Release|x64
		{41167408-F8DB-47BC-A515-1229D7872644}.Ad-Hoc|ARM.ActiveCfg = Release|ARM
		{41167408-F8DB-47BC-A515-1229D7872644}.Ad-Hoc|ARM.Build.0 = Release|ARM
		{41167408-F8DB-47BC-A515-1229D7872644}.Ad-Hoc|ARM.Deploy.0 = Release|ARM
		{41167408-F8DB-47BC-A515-1229D7872644}.Ad-Hoc|iPhone.ActiveCfg = Release|x64
		{41167408-F8DB-47BC-A515-1229D7872644}.Ad-Hoc|iPhone.Build.0 = Release|x64
		{41167408-F8DB-47BC-A515-1229D7872644}.Ad-Hoc|iPhone.Deploy.0 = Release|x64
		{41167408-F8DB-47BC-A515-1229D7872644}.Ad-Hoc|iPhoneSimulator.ActiveCfg = Release|x64
		{41167408-F8DB-47BC-A515-1229D7872644}.Ad-Hoc|iPhoneSimulator.Build.0 = Release|x64
		{41167408-F8DB-47BC-A515-1229D7872644}.Ad-Hoc|iPhoneSimulator.Deploy.0 = Release|x64
		{41167408-F8DB-47BC-A515-1229D7872644}.Ad-Hoc|x64.ActiveCfg = Release|x64
		{41167408-F8DB-47BC-A515-1229D7872644}.Ad-Hoc|x64.Build.0 = Release|x64
		{41167408-F8DB-47BC-A515-1229D7872644}.Ad-Hoc|x64.Deploy.0 = Release|x64
		{41167408-F8DB-47BC-A515-1229D7872644}.Ad-Hoc|x86.ActiveCfg = Release|x86
		{41167408-F8DB-47BC-A515-1229D7872644}.Ad-Hoc|x86.Build.0 = Release|x86
		{41167408-F8DB-47BC-A515-1229D7872644}.Ad-Hoc|x86.Deploy.0 = Release|x86
		{41167408-F8DB-47BC-A515-1229D7872644}.AppStore|Any CPU.ActiveCfg = Release|x64
		{41167408-F8DB-47BC-A515-1229D7872644}.AppStore|Any CPU.Build.0 = Release|x64
		{41167408-F8DB-47BC-A515-1229D7872644}.AppStore|Any CPU.Deploy.0 = Release|x64
		{41167408-F8DB-47BC-A515-1229D7872644}.AppStore|ARM.ActiveCfg = Release|ARM
		{41167408-F8DB-47BC-A515-1229D7872644}.AppStore|ARM.Build.0 = Release|ARM
		{41167408-F8DB-47BC-A515-1229D7872644}.AppStore|ARM.Deploy.0 = Release|ARM
		{41167408-F8DB-47BC-A515-1229D7872644}.AppStore|iPhone.ActiveCfg = Release|x64
		{41167408-F8DB-47BC-A515-1229D7872644}.AppStore|iPhone.Build.0 = Release|x64
		{41167408-F8DB-47BC-A515-1229D7872644}.AppStore|iPhone.Deploy.0 = Release|x64
		{41167408-F8DB-47BC-A515-1229D7872644}.AppStore|iPhoneSimulator.ActiveCfg = Release|x64
		{41167408-F8DB-47BC-A515-1229D7872644}.AppStore|iPhoneSimulator.Build.0 = Release|x64
		{41167408-F8DB-47BC-A515-1229D7872644}.AppStore|iPhoneSimulator.Deploy.0 = Release|x64
		{41167408-F8DB-47BC-A515-1229D7872644}.AppStore|x64.ActiveCfg = Release|x64
		{41167408-F8DB-47BC-A515-1229D7872644}.AppStore|x64.Build.0 = Release|x64
		{41167408-F8DB-47BC-A515-1229D7872644}.AppStore|x64.Deploy.0 = Release|x64
		{41167408-F8DB-47BC-A515-1229D7872644}.AppStore|x86.ActiveCfg = Release|x86
		{41167408-F8DB-47BC-A515-1229D7872644}.AppStore|x86.Build.0 = Release|x86
		{41167408-F8DB-47BC-A515-1229D7872644}.AppStore|x86.Deploy.0 = Release|x86
		{41167408-F8DB-47BC-A515-1229D7872644}.Debug|Any CPU.ActiveCfg = Debug|x86
		{41167408-F8DB-47BC-A515-1229D7872644}.Debug|Any CPU.Build.0 = Debug|x86
		{41167408-F8DB-47BC-A515-1229D7872644}.Debug|Any CPU.Deploy.0 = Debug|x86
		{41167408-F8DB-47BC-A515-1229D7872644}.Debug|ARM.ActiveCfg = Debug|ARM
		{41167408-F8DB-47BC-A515-1229D7872644}.Debug|ARM.Build.0 = Debug|ARM
		{41167408-F8DB-47BC-A515-1229D7872644}.Debug|ARM.Deploy.0 = Debug|ARM
		{41167408-F8DB-47BC-A515-1229D7872644}.Debug|iPhone.ActiveCfg = Debug|x86
		{41167408-F8DB-47BC-A515-1229D7872644}.Debug|iPhoneSimulator.ActiveCfg = Debug|x86
		{41167408-F8DB-47BC-A515-1229D7872644}.Debug|x64.ActiveCfg = Debug|x64
		{41167408-F8DB-47BC-A515-1229D7872644}.Debug|x64.Build.0 = Debug|x64
		{41167408-F8DB-47BC-A515-1229D7872644}.Debug|x64.Deploy.0 = Debug|x64
		{41167408-F8DB-47BC-A515-1229D7872644}.Debug|x86.ActiveCfg = Debug|x86
		{41167408-F8DB-47BC-A515-1229D7872644}.Debug|x86.Build.0 = Debug|x86
		{41167408-F8DB-47BC-A515-1229D7872644}.Debug|x86.Deploy.0 = Debug|x86
		{41167408-F8DB-47BC-A515-1229D7872644}.Release|Any CPU.ActiveCfg = Release|x86
		{41167408-F8DB-47BC-A515-1229D7872644}.Release|ARM.ActiveCfg = Release|ARM
		{41167408-F8DB-47BC-A515-1229D7872644}.Release|ARM.Build.0 = Release|ARM
		{41167408-F8DB-47BC-A515-1229D7872644}.Release|ARM.Deploy.0 = Release|ARM
		{41167408-F8DB-47BC-A515-1229D7872644}.Release|iPhone.ActiveCfg = Release|x86
		{41167408-F8DB-47BC-A515-1229D7872644}.Release|iPhoneSimulator.ActiveCfg = Release|x86
		{41167408-F8DB-47BC-A515-1229D7872644}.Release|x64.ActiveCfg = Release|x64
		{41167408-F8DB-47BC-A515-1229D7872644}.Release|x64.Build.0 = Release|x64
		{41167408-F8DB-47BC-A515-1229D7872644}.Release|x64.Deploy.0 = Release|x64
		{41167408-F8DB-47BC-A515-1229D7872644}.Release|x86.ActiveCfg = Release|x86
		{41167408-F8DB-47BC-A515-1229D7872644}.Release|x86.Build.0 = Release|x86
		{41167408-F8DB-47BC-A515-1229D7872644}.Release|x86.Deploy.0 = Release|x86
		{E76C1624-4178-4321-B9C8-AB25783C9D14}.Ad-Hoc|Any CPU.ActiveCfg = Release|Any CPU
		{E76C1624-4178-4321-B9C8-AB25783C9D14}.Ad-Hoc|Any CPU.Build.0 = Release|Any CPU
		{E76C1624-4178-4321-B9C8-AB25783C9D14}.Ad-Hoc|ARM.ActiveCfg = Release|Any CPU
		{E76C1624-4178-4321-B9C8-AB25783C9D14}.Ad-Hoc|ARM.Build.0 = Release|Any CPU
		{E76C1624-4178-4321-B9C8-AB25783C9D14}.Ad-Hoc|iPhone.ActiveCfg = Release|Any CPU
		{E76C1624-4178-4321-B9C8-AB25783C9D14}.Ad-Hoc|iPhone.Build.0 = Release|Any CPU
		{E76C1624-4178-4321-B9C8-AB25783C9D14}.Ad-Hoc|iPhoneSimulator.ActiveCfg = Release|Any CPU
		{E76C1624-4178-4321-B9C8-AB25783C9D14}.Ad-Hoc|iPhoneSimulator.Build.0 = Release|Any CPU
		{E76C1624-4178-4321-B9C8-AB25783C9D14}.Ad-Hoc|x64.ActiveCfg = Release|Any CPU
		{E76C1624-4178-4321-B9C8-AB25783C9D14}.Ad-Hoc|x64.Build.0 = Release|Any CPU
		{E76C1624-4178-4321-B9C8-AB25783C9D14}.Ad-Hoc|x86.ActiveCfg = Release|Any CPU
		{E76C1624-4178-4321-B9C8-AB25783C9D14}.Ad-Hoc|x86.Build.0 = Release|Any CPU
		{E76C1624-4178-4321-B9C8-AB25783C9D14}.AppStore|Any CPU.ActiveCfg = Release|Any CPU
		{E76C1624-4178-4321-B9C8-AB25783C9D14}.AppStore|Any CPU.Build.0 = Release|Any CPU
		{E76C1624-4178-4321-B9C8-AB25783C9D14}.AppStore|ARM.ActiveCfg = Release|Any CPU
		{E76C1624-4178-4321-B9C8-AB25783C9D14}.AppStore|ARM.Build.0 = Release|Any CPU
		{E76C1624-4178-4321-B9C8-AB25783C9D14}.AppStore|iPhone.ActiveCfg = Release|Any CPU
		{E76C1624-4178-4321-B9C8-AB25783C9D14}.AppStore|iPhone.Build.0 = Release|Any CPU
		{E76C1624-4178-4321-B9C8-AB25783C9D14}.AppStore|iPhoneSimulator.ActiveCfg = Release|Any CPU
		{E76C1624-4178-4321-B9C8-AB25783C9D14}.AppStore|iPhoneSimulator.Build.0 = Release|Any CPU
		{E76C1624-4178-4321-B9C8-AB25783C9D14}.AppStore|x64.ActiveCfg = Release|Any CPU
		{E76C1624-4178-4321-B9C8-AB25783C9D14}.AppStore|x64.Build.0 = Release|Any CPU
		{E76C1624-4178-4321-B9C8-AB25783C9D14}.AppStore|x86.ActiveCfg = Release|Any CPU
		{E76C1624-4178-4321-B9C8-AB25783C9D14}.AppStore|x86.Build.0 = Release|Any CPU
		{E76C1624-4178-4321-B9C8-AB25783C9D14}.Debug|Any CPU.ActiveCfg = Debug|Any CPU
		{E76C1624-4178-4321-B9C8-AB25783C9D14}.Debug|Any CPU.Build.0 = Debug|Any CPU
		{E76C1624-4178-4321-B9C8-AB25783C9D14}.Debug|ARM.ActiveCfg = Debug|Any CPU
		{E76C1624-4178-4321-B9C8-AB25783C9D14}.Debug|ARM.Build.0 = Debug|Any CPU
		{E76C1624-4178-4321-B9C8-AB25783C9D14}.Debug|iPhone.ActiveCfg = Debug|Any CPU
		{E76C1624-4178-4321-B9C8-AB25783C9D14}.Debug|iPhone.Build.0 = Debug|Any CPU
		{E76C1624-4178-4321-B9C8-AB25783C9D14}.Debug|iPhoneSimulator.ActiveCfg = Debug|Any CPU
		{E76C1624-4178-4321-B9C8-AB25783C9D14}.Debug|iPhoneSimulator.Build.0 = Debug|Any CPU
		{E76C1624-4178-4321-B9C8-AB25783C9D14}.Debug|x64.ActiveCfg = Debug|Any CPU
		{E76C1624-4178-4321-B9C8-AB25783C9D14}.Debug|x64.Build.0 = Debug|Any CPU
		{E76C1624-4178-4321-B9C8-AB25783C9D14}.Debug|x86.ActiveCfg = Debug|Any CPU
		{E76C1624-4178-4321-B9C8-AB25783C9D14}.Debug|x86.Build.0 = Debug|Any CPU
		{E76C1624-4178-4321-B9C8-AB25783C9D14}.Release|Any CPU.ActiveCfg = Release|Any CPU
		{E76C1624-4178-4321-B9C8-AB25783C9D14}.Release|Any CPU.Build.0 = Release|Any CPU
		{E76C1624-4178-4321-B9C8-AB25783C9D14}.Release|ARM.ActiveCfg = Release|Any CPU
		{E76C1624-4178-4321-B9C8-AB25783C9D14}.Release|ARM.Build.0 = Release|Any CPU
		{E76C1624-4178-4321-B9C8-AB25783C9D14}.Release|iPhone.ActiveCfg = Release|Any CPU
		{E76C1624-4178-4321-B9C8-AB25783C9D14}.Release|iPhone.Build.0 = Release|Any CPU
		{E76C1624-4178-4321-B9C8-AB25783C9D14}.Release|iPhoneSimulator.ActiveCfg = Release|Any CPU
		{E76C1624-4178-4321-B9C8-AB25783C9D14}.Release|iPhoneSimulator.Build.0 = Release|Any CPU
		{E76C1624-4178-4321-B9C8-AB25783C9D14}.Release|x64.ActiveCfg = Release|Any CPU
		{E76C1624-4178-4321-B9C8-AB25783C9D14}.Release|x64.Build.0 = Release|Any CPU
		{E76C1624-4178-4321-B9C8-AB25783C9D14}.Release|x86.ActiveCfg = Release|Any CPU
		{E76C1624-4178-4321-B9C8-AB25783C9D14}.Release|x86.Build.0 = Release|Any CPU
	EndGlobalSection
	GlobalSection(SolutionProperties) = preSolution
		HideSolutionNode = FALSE
	EndGlobalSection
	GlobalSection(NestedProjects) = preSolution
		{8D0B9975-B0D9-4B19-9C52-5059F73AB224} = {CA2C2104-D68A-4313-ADB7-7C2B5AD9F392}
		{2DFF95E1-B7C0-417E-81FE-9AF6CA4627EF} = {CA2C2104-D68A-4313-ADB7-7C2B5AD9F392}
		{41167408-F8DB-47BC-A515-1229D7872644} = {CA2C2104-D68A-4313-ADB7-7C2B5AD9F392}
	EndGlobalSection
EndGlobal
